
Microsoft Visual Studio Solution File, Format Version 12.00
# Visual Studio Version 17
VisualStudioVersion = 17.7.34031.279
MinimumVisualStudioVersion = 10.0.40219.1
Project("{9A19103F-16F7-4668-BE54-9A1E7A4F7556}") = "UpdateServer", "src\UpdateServer\UpdateServer.csproj", "{CDDB2188-066D-4C85-B34C-E5CEE40CFEAA}"
EndProject
Project("{2150E333-8FDC-42A3-9474-1A3956D46DE8}") = "src", "src", "{A389DA46-2791-4FD3-A6A8-0FA2CFB14939}"
EndProject
Project("{2150E333-8FDC-42A3-9474-1A3956D46DE8}") = "common", "common", "{7E69A57A-6F51-4DE1-A257-6A5F91106C53}"
	ProjectSection(SolutionItems) = preProject
		docker-compose.yml = docker-compose.yml
		Dockerfile = Dockerfile
		LICENSE.md = LICENSE.md
		Readme.Md = Readme.Md
	EndProjectSection
EndProject
Project("{2150E333-8FDC-42A3-9474-1A3956D46DE8}") = "scripts", "scripts", "{9A981C47-DB84-49DE-B74B-9A30F9535608}"
	ProjectSection(SolutionItems) = preProject
		scripts\installer.iss = scripts\installer.iss
		scripts\PublishAndSendVersion.ps1 = scripts\PublishAndSendVersion.ps1
	EndProjectSection
EndProject
Project("{2150E333-8FDC-42A3-9474-1A3956D46DE8}") = "Subscripts", "Subscripts", "{855A6BE1-BA70-4651-A33E-B1E2701A2D9C}"
	ProjectSection(SolutionItems) = preProject
		scripts\Subscripts\Archive.ps1 = scripts\Subscripts\Archive.ps1
		scripts\Subscripts\Publish.ps1 = scripts\Subscripts\Publish.ps1
		scripts\Subscripts\RemoveFiles.ps1 = scripts\Subscripts\RemoveFiles.ps1
		scripts\Subscripts\SendFileToServer.ps1 = scripts\Subscripts\SendFileToServer.ps1
	EndProjectSection
EndProject
Project("{2150E333-8FDC-42A3-9474-1A3956D46DE8}") = "Input", "Input", "{205BF0B8-981C-426A-9316-3F7D51F54477}"
	ProjectSection(SolutionItems) = preProject
		scripts\Input\Changelog.txt = scripts\Input\Changelog.txt
		scripts\Input\Description.txt = scripts\Input\Description.txt
		scripts\Input\Parameters = scripts\Input\Parameters
		scripts\Input\Setup.ico = scripts\Input\Setup.ico
	EndProjectSection
EndProject
Global
	GlobalSection(SolutionConfigurationPlatforms) = preSolution
		Debug|Any CPU = Debug|Any CPU
		Release|Any CPU = Release|Any CPU
	EndGlobalSection
	GlobalSection(ProjectConfigurationPlatforms) = postSolution
		{CDDB2188-066D-4C85-B34C-E5CEE40CFEAA}.Debug|Any CPU.ActiveCfg = Debug|Any CPU
		{CDDB2188-066D-4C85-B34C-E5CEE40CFEAA}.Debug|Any CPU.Build.0 = Debug|Any CPU
		{CDDB2188-066D-4C85-B34C-E5CEE40CFEAA}.Release|Any CPU.ActiveCfg = Release|Any CPU
		{CDDB2188-066D-4C85-B34C-E5CEE40CFEAA}.Release|Any CPU.Build.0 = Release|Any CPU
	EndGlobalSection
	GlobalSection(SolutionProperties) = preSolution
		HideSolutionNode = FALSE
	EndGlobalSection
	GlobalSection(NestedProjects) = preSolution
		{CDDB2188-066D-4C85-B34C-E5CEE40CFEAA} = {A389DA46-2791-4FD3-A6A8-0FA2CFB14939}
		{9A981C47-DB84-49DE-B74B-9A30F9535608} = {7E69A57A-6F51-4DE1-A257-6A5F91106C53}
		{855A6BE1-BA70-4651-A33E-B1E2701A2D9C} = {9A981C47-DB84-49DE-B74B-9A30F9535608}
		{205BF0B8-981C-426A-9316-3F7D51F54477} = {9A981C47-DB84-49DE-B74B-9A30F9535608}
	EndGlobalSection
	GlobalSection(ExtensibilityGlobals) = postSolution
		SolutionGuid = {688E7029-30B5-4104-91C0-2C1B022992F1}
	EndGlobalSection
EndGlobal
